// !$*UTF8*$!
{
	archiveVersion = 1;
	classes = {
	};
	objectVersion = 50;
	objects = {

/* Begin PBXBuildFile section */
		2B68839D2CD55EDD8532F062 /* Pods_flixster_flixsterUITests.framework in Frameworks */ = {isa = PBXBuildFile; fileRef = 4A20AD47A4759FE92D9697FD /* Pods_flixster_flixsterUITests.framework */; };
		7324481D8E6D3CBBEA8DA665 /* Pods_flixsterTests.framework in Frameworks */ = {isa = PBXBuildFile; fileRef = 9B41518D26266CA87FAF8775 /* Pods_flixsterTests.framework */; };
		868813A6A9763FF47976A01D /* Pods_flixster.framework in Frameworks */ = {isa = PBXBuildFile; fileRef = 1305078051735A0D84ECB937 /* Pods_flixster.framework */; };
		BAD6FAE325D0D47A000CC3A3 /* MoviesViewController.swift in Sources */ = {isa = PBXBuildFile; fileRef = BAD6FAE225D0D47A000CC3A3 /* MoviesViewController.swift */; };
		BAD6FAEB25D0F0FF000CC3A3 /* MovieCell.swift in Sources */ = {isa = PBXBuildFile; fileRef = BAD6FAEA25D0F0FF000CC3A3 /* MovieCell.swift */; };
		BAD8BBB825CFC09A00CB05D9 /* AppDelegate.swift in Sources */ = {isa = PBXBuildFile; fileRef = BAD8BBB725CFC09A00CB05D9 /* AppDelegate.swift */; };
		BAD8BBBA25CFC09A00CB05D9 /* SceneDelegate.swift in Sources */ = {isa = PBXBuildFile; fileRef = BAD8BBB925CFC09A00CB05D9 /* SceneDelegate.swift */; };
		BAD8BBBF25CFC09A00CB05D9 /* Main.storyboard in Resources */ = {isa = PBXBuildFile; fileRef = BAD8BBBD25CFC09A00CB05D9 /* Main.storyboard */; };
		BAD8BBC125CFC09B00CB05D9 /* Assets.xcassets in Resources */ = {isa = PBXBuildFile; fileRef = BAD8BBC025CFC09B00CB05D9 /* Assets.xcassets */; };
		BAD8BBC425CFC09B00CB05D9 /* LaunchScreen.storyboard in Resources */ = {isa = PBXBuildFile; fileRef = BAD8BBC225CFC09B00CB05D9 /* LaunchScreen.storyboard */; };
		BAD8BBCF25CFC09B00CB05D9 /* flixsterTests.swift in Sources */ = {isa = PBXBuildFile; fileRef = BAD8BBCE25CFC09B00CB05D9 /* flixsterTests.swift */; };
		BAD8BBDA25CFC09B00CB05D9 /* flixsterUITests.swift in Sources */ = {isa = PBXBuildFile; fileRef = BAD8BBD925CFC09B00CB05D9 /* flixsterUITests.swift */; };
/* End PBXBuildFile section */

/* Begin PBXContainerItemProxy section */
		BAD8BBCB25CFC09B00CB05D9 /* PBXContainerItemProxy */ = {
			isa = PBXContainerItemProxy;
			containerPortal = BAD8BBAC25CFC09A00CB05D9 /* Project object */;
			proxyType = 1;
			remoteGlobalIDString = BAD8BBB325CFC09A00CB05D9;
			remoteInfo = flixster;
		};
		BAD8BBD625CFC09B00CB05D9 /* PBXContainerItemProxy */ = {
			isa = PBXContainerItemProxy;
			containerPortal = BAD8BBAC25CFC09A00CB05D9 /* Project object */;
			proxyType = 1;
			remoteGlobalIDString = BAD8BBB325CFC09A00CB05D9;
			remoteInfo = flixster;
		};
/* End PBXContainerItemProxy section */

/* Begin PBXFileReference section */
		1305078051735A0D84ECB937 /* Pods_flixster.framework */ = {isa = PBXFileReference; explicitFileType = wrapper.framework; includeInIndex = 0; path = Pods_flixster.framework; sourceTree = BUILT_PRODUCTS_DIR; };
		1EE0C4F436ECA6CD3D342793 /* Pods-flixster-flixsterUITests.release.xcconfig */ = {isa = PBXFileReference; includeInIndex = 1; lastKnownFileType = text.xcconfig; name = "Pods-flixster-flixsterUITests.release.xcconfig"; path = "Target Support Files/Pods-flixster-flixsterUITests/Pods-flixster-flixsterUITests.release.xcconfig"; sourceTree = "<group>"; };
		399C46ECE14F1389CC22AAE1 /* Pods-flixster.release.xcconfig */ = {isa = PBXFileReference; includeInIndex = 1; lastKnownFileType = text.xcconfig; name = "Pods-flixster.release.xcconfig"; path = "Target Support Files/Pods-flixster/Pods-flixster.release.xcconfig"; sourceTree = "<group>"; };
		4A20AD47A4759FE92D9697FD /* Pods_flixster_flixsterUITests.framework */ = {isa = PBXFileReference; explicitFileType = wrapper.framework; includeInIndex = 0; path = Pods_flixster_flixsterUITests.framework; sourceTree = BUILT_PRODUCTS_DIR; };
		4FE4E26856D3763EC28E2AD9 /* Pods-flixsterTests.release.xcconfig */ = {isa = PBXFileReference; includeInIndex = 1; lastKnownFileType = text.xcconfig; name = "Pods-flixsterTests.release.xcconfig"; path = "Target Support Files/Pods-flixsterTests/Pods-flixsterTests.release.xcconfig"; sourceTree = "<group>"; };
		981D86546EBD2BA1092908B0 /* Pods-flixster.debug.xcconfig */ = {isa = PBXFileReference; includeInIndex = 1; lastKnownFileType = text.xcconfig; name = "Pods-flixster.debug.xcconfig"; path = "Target Support Files/Pods-flixster/Pods-flixster.debug.xcconfig"; sourceTree = "<group>"; };
		9B41518D26266CA87FAF8775 /* Pods_flixsterTests.framework */ = {isa = PBXFileReference; explicitFileType = wrapper.framework; includeInIndex = 0; path = Pods_flixsterTests.framework; sourceTree = BUILT_PRODUCTS_DIR; };
		BAD6FAE225D0D47A000CC3A3 /* MoviesViewController.swift */ = {isa = PBXFileReference; lastKnownFileType = sourcecode.swift; path = MoviesViewController.swift; sourceTree = "<group>"; };
		BAD6FAEA25D0F0FF000CC3A3 /* MovieCell.swift */ = {isa = PBXFileReference; lastKnownFileType = sourcecode.swift; path = MovieCell.swift; sourceTree = "<group>"; };
		BAD8BBB425CFC09A00CB05D9 /* flixster.app */ = {isa = PBXFileReference; explicitFileType = wrapper.application; includeInIndex = 0; path = flixster.app; sourceTree = BUILT_PRODUCTS_DIR; };
		BAD8BBB725CFC09A00CB05D9 /* AppDelegate.swift */ = {isa = PBXFileReference; lastKnownFileType = sourcecode.swift; path = AppDelegate.swift; sourceTree = "<group>"; };
		BAD8BBB925CFC09A00CB05D9 /* SceneDelegate.swift */ = {isa = PBXFileReference; lastKnownFileType = sourcecode.swift; path = SceneDelegate.swift; sourceTree = "<group>"; };
		BAD8BBBE25CFC09A00CB05D9 /* Base */ = {isa = PBXFileReference; lastKnownFileType = file.storyboard; name = Base; path = Base.lproj/Main.storyboard; sourceTree = "<group>"; };
		BAD8BBC025CFC09B00CB05D9 /* Assets.xcassets */ = {isa = PBXFileReference; lastKnownFileType = folder.assetcatalog; path = Assets.xcassets; sourceTree = "<group>"; };
		BAD8BBC325CFC09B00CB05D9 /* Base */ = {isa = PBXFileReference; lastKnownFileType = file.storyboard; name = Base; path = Base.lproj/LaunchScreen.storyboard; sourceTree = "<group>"; };
		BAD8BBC525CFC09B00CB05D9 /* Info.plist */ = {isa = PBXFileReference; lastKnownFileType = text.plist.xml; path = Info.plist; sourceTree = "<group>"; };
		BAD8BBCA25CFC09B00CB05D9 /* flixsterTests.xctest */ = {isa = PBXFileReference; explicitFileType = wrapper.cfbundle; includeInIndex = 0; path = flixsterTests.xctest; sourceTree = BUILT_PRODUCTS_DIR; };
		BAD8BBCE25CFC09B00CB05D9 /* flixsterTests.swift */ = {isa = PBXFileReference; lastKnownFileType = sourcecode.swift; path = flixsterTests.swift; sourceTree = "<group>"; };
		BAD8BBD025CFC09B00CB05D9 /* Info.plist */ = {isa = PBXFileReference; lastKnownFileType = text.plist.xml; path = Info.plist; sourceTree = "<group>"; };
		BAD8BBD525CFC09B00CB05D9 /* flixsterUITests.xctest */ = {isa = PBXFileReference; explicitFileType = wrapper.cfbundle; includeInIndex = 0; path = flixsterUITests.xctest; sourceTree = BUILT_PRODUCTS_DIR; };
		BAD8BBD925CFC09B00CB05D9 /* flixsterUITests.swift */ = {isa = PBXFileReference; lastKnownFileType = sourcecode.swift; path = flixsterUITests.swift; sourceTree = "<group>"; };
		BAD8BBDB25CFC09B00CB05D9 /* Info.plist */ = {isa = PBXFileReference; lastKnownFileType = text.plist.xml; path = Info.plist; sourceTree = "<group>"; };
		D030BB0358A49A68F398B59D /* Pods-flixsterTests.debug.xcconfig */ = {isa = PBXFileReference; includeInIndex = 1; lastKnownFileType = text.xcconfig; name = "Pods-flixsterTests.debug.xcconfig"; path = "Target Support Files/Pods-flixsterTests/Pods-flixsterTests.debug.xcconfig"; sourceTree = "<group>"; };
		D294EDABD74AE2AF788431BA /* Pods-flixster-flixsterUITests.debug.xcconfig */ = {isa = PBXFileReference; includeInIndex = 1; lastKnownFileType = text.xcconfig; name = "Pods-flixster-flixsterUITests.debug.xcconfig"; path = "Target Support Files/Pods-flixster-flixsterUITests/Pods-flixster-flixsterUITests.debug.xcconfig"; sourceTree = "<group>"; };
/* End PBXFileReference section */

/* Begin PBXFrameworksBuildPhase section */
		BAD8BBB125CFC09A00CB05D9 /* Frameworks */ = {
			isa = PBXFrameworksBuildPhase;
			buildActionMask = 2147483647;
			files = (
				868813A6A9763FF47976A01D /* Pods_flixster.framework in Frameworks */,
			);
			runOnlyForDeploymentPostprocessing = 0;
		};
		BAD8BBC725CFC09B00CB05D9 /* Frameworks */ = {
			isa = PBXFrameworksBuildPhase;
			buildActionMask = 2147483647;
			files = (
				7324481D8E6D3CBBEA8DA665 /* Pods_flixsterTests.framework in Frameworks */,
			);
			runOnlyForDeploymentPostprocessing = 0;
		};
		BAD8BBD225CFC09B00CB05D9 /* Frameworks */ = {
			isa = PBXFrameworksBuildPhase;
			buildActionMask = 2147483647;
			files = (
				2B68839D2CD55EDD8532F062 /* Pods_flixster_flixsterUITests.framework in Frameworks */,
			);
			runOnlyForDeploymentPostprocessing = 0;
		};
/* End PBXFrameworksBuildPhase section */

/* Begin PBXGroup section */
		59B8D3E4DBF9E79D9645B695 /* Frameworks */ = {
			isa = PBXGroup;
			children = (
				1305078051735A0D84ECB937 /* Pods_flixster.framework */,
				4A20AD47A4759FE92D9697FD /* Pods_flixster_flixsterUITests.framework */,
				9B41518D26266CA87FAF8775 /* Pods_flixsterTests.framework */,
			);
			name = Frameworks;
			sourceTree = "<group>";
		};
		5F1C8210C6A2A0E76BC7F22E /* Pods */ = {
			isa = PBXGroup;
			children = (
				981D86546EBD2BA1092908B0 /* Pods-flixster.debug.xcconfig */,
				399C46ECE14F1389CC22AAE1 /* Pods-flixster.release.xcconfig */,
				D294EDABD74AE2AF788431BA /* Pods-flixster-flixsterUITests.debug.xcconfig */,
				1EE0C4F436ECA6CD3D342793 /* Pods-flixster-flixsterUITests.release.xcconfig */,
				D030BB0358A49A68F398B59D /* Pods-flixsterTests.debug.xcconfig */,
				4FE4E26856D3763EC28E2AD9 /* Pods-flixsterTests.release.xcconfig */,
			);
			name = Pods;
			path = Pods;
			sourceTree = "<group>";
		};
		BAD8BBAB25CFC09A00CB05D9 = {
			isa = PBXGroup;
			children = (
				BAD8BBB625CFC09A00CB05D9 /* flixster */,
				BAD8BBCD25CFC09B00CB05D9 /* flixsterTests */,
				BAD8BBD825CFC09B00CB05D9 /* flixsterUITests */,
				BAD8BBB525CFC09A00CB05D9 /* Products */,
				5F1C8210C6A2A0E76BC7F22E /* Pods */,
				59B8D3E4DBF9E79D9645B695 /* Frameworks */,
			);
			sourceTree = "<group>";
		};
		BAD8BBB525CFC09A00CB05D9 /* Products */ = {
			isa = PBXGroup;
			children = (
				BAD8BBB425CFC09A00CB05D9 /* flixster.app */,
				BAD8BBCA25CFC09B00CB05D9 /* flixsterTests.xctest */,
				BAD8BBD525CFC09B00CB05D9 /* flixsterUITests.xctest */,
			);
			name = Products;
			sourceTree = "<group>";
		};
		BAD8BBB625CFC09A00CB05D9 /* flixster */ = {
			isa = PBXGroup;
			children = (
				BAD8BBB725CFC09A00CB05D9 /* AppDelegate.swift */,
				BAD8BBB925CFC09A00CB05D9 /* SceneDelegate.swift */,
				BAD8BBBD25CFC09A00CB05D9 /* Main.storyboard */,
				BAD8BBC025CFC09B00CB05D9 /* Assets.xcassets */,
				BAD8BBC225CFC09B00CB05D9 /* LaunchScreen.storyboard */,
				BAD8BBC525CFC09B00CB05D9 /* Info.plist */,
				BAD6FAE225D0D47A000CC3A3 /* MoviesViewController.swift */,
				BAD6FAEA25D0F0FF000CC3A3 /* MovieCell.swift */,
			);
			path = flixster;
			sourceTree = "<group>";
		};
		BAD8BBCD25CFC09B00CB05D9 /* flixsterTests */ = {
			isa = PBXGroup;
			children = (
				BAD8BBCE25CFC09B00CB05D9 /* flixsterTests.swift */,
				BAD8BBD025CFC09B00CB05D9 /* Info.plist */,
			);
			path = flixsterTests;
			sourceTree = "<group>";
		};
		BAD8BBD825CFC09B00CB05D9 /* flixsterUITests */ = {
			isa = PBXGroup;
			children = (
				BAD8BBD925CFC09B00CB05D9 /* flixsterUITests.swift */,
				BAD8BBDB25CFC09B00CB05D9 /* Info.plist */,
			);
			path = flixsterUITests;
			sourceTree = "<group>";
		};
/* End PBXGroup section */

/* Begin PBXNativeTarget section */
		BAD8BBB325CFC09A00CB05D9 /* flixster */ = {
			isa = PBXNativeTarget;
			buildConfigurationList = BAD8BBDE25CFC09B00CB05D9 /* Build configuration list for PBXNativeTarget "flixster" */;
			buildPhases = (
				7033B7ED81C15F8F3E7B8067 /* [CP] Check Pods Manifest.lock */,
				BAD8BBB025CFC09A00CB05D9 /* Sources */,
				BAD8BBB125CFC09A00CB05D9 /* Frameworks */,
				BAD8BBB225CFC09A00CB05D9 /* Resources */,
				4A2EE629A4C2A0FAC4B050B6 /* [CP] Embed Pods Frameworks */,
			);
			buildRules = (
			);
			dependencies = (
			);
			name = flixster;
			productName = flixster;
			productReference = BAD8BBB425CFC09A00CB05D9 /* flixster.app */;
			productType = "com.apple.product-type.application";
		};
		BAD8BBC925CFC09B00CB05D9 /* flixsterTests */ = {
			isa = PBXNativeTarget;
			buildConfigurationList = BAD8BBE125CFC09B00CB05D9 /* Build configuration list for PBXNativeTarget "flixsterTests" */;
			buildPhases = (
				AC672D7EA97A5C2906B4D7BE /* [CP] Check Pods Manifest.lock */,
				BAD8BBC625CFC09B00CB05D9 /* Sources */,
				BAD8BBC725CFC09B00CB05D9 /* Frameworks */,
				BAD8BBC825CFC09B00CB05D9 /* Resources */,
			);
			buildRules = (
			);
			dependencies = (
				BAD8BBCC25CFC09B00CB05D9 /* PBXTargetDependency */,
			);
			name = flixsterTests;
			productName = flixsterTests;
			productReference = BAD8BBCA25CFC09B00CB05D9 /* flixsterTests.xctest */;
			productType = "com.apple.product-type.bundle.unit-test";
		};
		BAD8BBD425CFC09B00CB05D9 /* flixsterUITests */ = {
			isa = PBXNativeTarget;
			buildConfigurationList = BAD8BBE425CFC09B00CB05D9 /* Build configuration list for PBXNativeTarget "flixsterUITests" */;
			buildPhases = (
				F895706361951A01D1777C4D /* [CP] Check Pods Manifest.lock */,
				BAD8BBD125CFC09B00CB05D9 /* Sources */,
				BAD8BBD225CFC09B00CB05D9 /* Frameworks */,
				BAD8BBD325CFC09B00CB05D9 /* Resources */,
				D78DB45F6218C74EF44791AF /* [CP] Embed Pods Frameworks */,
			);
			buildRules = (
			);
			dependencies = (
				BAD8BBD725CFC09B00CB05D9 /* PBXTargetDependency */,
			);
			name = flixsterUITests;
			productName = flixsterUITests;
			productReference = BAD8BBD525CFC09B00CB05D9 /* flixsterUITests.xctest */;
			productType = "com.apple.product-type.bundle.ui-testing";
		};
/* End PBXNativeTarget section */

/* Begin PBXProject section */
		BAD8BBAC25CFC09A00CB05D9 /* Project object */ = {
			isa = PBXProject;
			attributes = {
				LastSwiftUpdateCheck = 1230;
				LastUpgradeCheck = 1230;
				TargetAttributes = {
					BAD8BBB325CFC09A00CB05D9 = {
						CreatedOnToolsVersion = 12.3;
					};
					BAD8BBC925CFC09B00CB05D9 = {
						CreatedOnToolsVersion = 12.3;
						TestTargetID = BAD8BBB325CFC09A00CB05D9;
					};
					BAD8BBD425CFC09B00CB05D9 = {
						CreatedOnToolsVersion = 12.3;
						TestTargetID = BAD8BBB325CFC09A00CB05D9;
					};
				};
			};
			buildConfigurationList = BAD8BBAF25CFC09A00CB05D9 /* Build configuration list for PBXProject "flixster" */;
			compatibilityVersion = "Xcode 9.3";
			developmentRegion = en;
			hasScannedForEncodings = 0;
			knownRegions = (
				en,
				Base,
			);
			mainGroup = BAD8BBAB25CFC09A00CB05D9;
			productRefGroup = BAD8BBB525CFC09A00CB05D9 /* Products */;
			projectDirPath = "";
			projectRoot = "";
			targets = (
				BAD8BBB325CFC09A00CB05D9 /* flixster */,
				BAD8BBC925CFC09B00CB05D9 /* flixsterTests */,
				BAD8BBD425CFC09B00CB05D9 /* flixsterUITests */,
			);
		};
/* End PBXProject section */

/* Begin PBXResourcesBuildPhase section */
		BAD8BBB225CFC09A00CB05D9 /* Resources */ = {
			isa = PBXResourcesBuildPhase;
			buildActionMask = 2147483647;
			files = (
				BAD8BBC425CFC09B00CB05D9 /* LaunchScreen.storyboard in Resources */,
				BAD8BBC125CFC09B00CB05D9 /* Assets.xcassets in Resources */,
				BAD8BBBF25CFC09A00CB05D9 /* Main.storyboard in Resources */,
			);
			runOnlyForDeploymentPostprocessing = 0;
		};
		BAD8BBC825CFC09B00CB05D9 /* Resources */ = {
			isa = PBXResourcesBuildPhase;
			buildActionMask = 2147483647;
			files = (
			);
			runOnlyForDeploymentPostprocessing = 0;
		};
		BAD8BBD325CFC09B00CB05D9 /* Resources */ = {
			isa = PBXResourcesBuildPhase;
			buildActionMask = 2147483647;
			files = (
			);
			runOnlyForDeploymentPostprocessing = 0;
		};
/* End PBXResourcesBuildPhase section */

/* Begin PBXShellScriptBuildPhase section */
		4A2EE629A4C2A0FAC4B050B6 /* [CP] Embed Pods Frameworks */ = {
			isa = PBXShellScriptBuildPhase;
			buildActionMask = 2147483647;
			files = (
			);
			inputFileListPaths = (
				"${PODS_ROOT}/Target Support Files/Pods-flixster/Pods-flixster-frameworks-${CONFIGURATION}-input-files.xcfilelist",
			);
			name = "[CP] Embed Pods Frameworks";
			outputFileListPaths = (
				"${PODS_ROOT}/Target Support Files/Pods-flixster/Pods-flixster-frameworks-${CONFIGURATION}-output-files.xcfilelist",
			);
			runOnlyForDeploymentPostprocessing = 0;
			shellPath = /bin/sh;
			shellScript = "\"${PODS_ROOT}/Target Support Files/Pods-flixster/Pods-flixster-frameworks.sh\"\n";
			showEnvVarsInLog = 0;
		};
		7033B7ED81C15F8F3E7B8067 /* [CP] Check Pods Manifest.lock */ = {
			isa = PBXShellScriptBuildPhase;
			buildActionMask = 2147483647;
			files = (
			);
			inputFileListPaths = (
			);
			inputPaths = (
				"${PODS_PODFILE_DIR_PATH}/Podfile.lock",
				"${PODS_ROOT}/Manifest.lock",
			);
			name = "[CP] Check Pods Manifest.lock";
			outputFileListPaths = (
			);
			outputPaths = (
				"$(DERIVED_FILE_DIR)/Pods-flixster-checkManifestLockResult.txt",
			);
			runOnlyForDeploymentPostprocessing = 0;
			shellPath = /bin/sh;
			shellScript = "diff \"${PODS_PODFILE_DIR_PATH}/Podfile.lock\" \"${PODS_ROOT}/Manifest.lock\" > /dev/null\nif [ $? != 0 ] ; then\n    # print error to STDERR\n    echo \"error: The sandbox is not in sync with the Podfile.lock. Run 'pod install' or update your CocoaPods installation.\" >&2\n    exit 1\nfi\n# This output is used by Xcode 'outputs' to avoid re-running this script phase.\necho \"SUCCESS\" > \"${SCRIPT_OUTPUT_FILE_0}\"\n";
			showEnvVarsInLog = 0;
		};
		AC672D7EA97A5C2906B4D7BE /* [CP] Check Pods Manifest.lock */ = {
			isa = PBXShellScriptBuildPhase;
			buildActionMask = 2147483647;
			files = (
			);
			inputFileListPaths = (
			);
			inputPaths = (
				"${PODS_PODFILE_DIR_PATH}/Podfile.lock",
				"${PODS_ROOT}/Manifest.lock",
			);
			name = "[CP] Check Pods Manifest.lock";
			outputFileListPaths = (
			);
			outputPaths = (
				"$(DERIVED_FILE_DIR)/Pods-flixsterTests-checkManifestLockResult.txt",
			);
			runOnlyForDeploymentPostprocessing = 0;
			shellPath = /bin/sh;
			shellScript = "diff \"${PODS_PODFILE_DIR_PATH}/Podfile.lock\" \"${PODS_ROOT}/Manifest.lock\" > /dev/null\nif [ $? != 0 ] ; then\n    # print error to STDERR\n    echo \"error: The sandbox is not in sync with the Podfile.lock. Run 'pod install' or update your CocoaPods installation.\" >&2\n    exit 1\nfi\n# This output is used by Xcode 'outputs' to avoid re-running this script phase.\necho \"SUCCESS\" > \"${SCRIPT_OUTPUT_FILE_0}\"\n";
			showEnvVarsInLog = 0;
		};
		D78DB45F6218C74EF44791AF /* [CP] Embed Pods Frameworks */ = {
			isa = PBXShellScriptBuildPhase;
			buildActionMask = 2147483647;
			files = (
			);
			inputFileListPaths = (
				"${PODS_ROOT}/Target Support Files/Pods-flixster-flixsterUITests/Pods-flixster-flixsterUITests-frameworks-${CONFIGURATION}-input-files.xcfilelist",
			);
			name = "[CP] Embed Pods Frameworks";
			outputFileListPaths = (
				"${PODS_ROOT}/Target Support Files/Pods-flixster-flixsterUITests/Pods-flixster-flixsterUITests-frameworks-${CONFIGURATION}-output-files.xcfilelist",
			);
			runOnlyForDeploymentPostprocessing = 0;
			shellPath = /bin/sh;
			shellScript = "\"${PODS_ROOT}/Target Support Files/Pods-flixster-flixsterUITests/Pods-flixster-flixsterUITests-frameworks.sh\"\n";
			showEnvVarsInLog = 0;
		};
		F895706361951A01D1777C4D /* [CP] Check Pods Manifest.lock */ = {
			isa = PBXShellScriptBuildPhase;
			buildActionMask = 2147483647;
			files = (
			);
			inputFileListPaths = (
			);
			inputPaths = (
				"${PODS_PODFILE_DIR_PATH}/Podfile.lock",
				"${PODS_ROOT}/Manifest.lock",
			);
			name = "[CP] Check Pods Manifest.lock";
			outputFileListPaths = (
			);
			outputPaths = (
				"$(DERIVED_FILE_DIR)/Pods-flixster-flixsterUITests-checkManifestLockResult.txt",
			);
			runOnlyForDeploymentPostprocessing = 0;
			shellPath = /bin/sh;
			shellScript = "diff \"${PODS_PODFILE_DIR_PATH}/Podfile.lock\" \"${PODS_ROOT}/Manifest.lock\" > /dev/null\nif [ $? != 0 ] ; then\n    # print error to STDERR\n    echo \"error: The sandbox is not in sync with the Podfile.lock. Run 'pod install' or update your CocoaPods installation.\" >&2\n    exit 1\nfi\n# This output is used by Xcode 'outputs' to avoid re-running this script phase.\necho \"SUCCESS\" > \"${SCRIPT_OUTPUT_FILE_0}\"\n";
			showEnvVarsInLog = 0;
		};
/* End PBXShellScriptBuildPhase section */

/* Begin PBXSourcesBuildPhase section */
		BAD8BBB025CFC09A00CB05D9 /* Sources */ = {
			isa = PBXSourcesBuildPhase;
			buildActionMask = 2147483647;
			files = (
				BAD8BBB825CFC09A00CB05D9 /* AppDelegate.swift in Sources */,
				BAD8BBBA25CFC09A00CB05D9 /* SceneDelegate.swift in Sources */,
				BAD6FAEB25D0F0FF000CC3A3 /* MovieCell.swift in Sources */,
				BAD6FAE325D0D47A000CC3A3 /* MoviesViewController.swift in Sources */,
			);
			runOnlyForDeploymentPostprocessing = 0;
		};
		BAD8BBC625CFC09B00CB05D9 /* Sources */ = {
			isa = PBXSourcesBuildPhase;
			buildActionMask = 2147483647;
			files = (
				BAD8BBCF25CFC09B00CB05D9 /* flixsterTests.swift in Sources */,
			);
			runOnlyForDeploymentPostprocessing = 0;
		};
		BAD8BBD125CFC09B00CB05D9 /* Sources */ = {
			isa = PBXSourcesBuildPhase;
			buildActionMask = 2147483647;
			files = (
				BAD8BBDA25CFC09B00CB05D9 /* flixsterUITests.swift in Sources */,
			);
			runOnlyForDeploymentPostprocessing = 0;
		};
/* End PBXSourcesBuildPhase section */

/* Begin PBXTargetDependency section */
		BAD8BBCC25CFC09B00CB05D9 /* PBXTargetDependency */ = {
			isa = PBXTargetDependency;
			target = BAD8BBB325CFC09A00CB05D9 /* flixster */;
			targetProxy = BAD8BBCB25CFC09B00CB05D9 /* PBXContainerItemProxy */;
		};
		BAD8BBD725CFC09B00CB05D9 /* PBXTargetDependency */ = {
			isa = PBXTargetDependency;
			target = BAD8BBB325CFC09A00CB05D9 /* flixster */;
			targetProxy = BAD8BBD625CFC09B00CB05D9 /* PBXContainerItemProxy */;
		};
/* End PBXTargetDependency section */

/* Begin PBXVariantGroup section */
		BAD8BBBD25CFC09A00CB05D9 /* Main.storyboard */ = {
			isa = PBXVariantGroup;
			children = (
				BAD8BBBE25CFC09A00CB05D9 /* Base */,
			);
			name = Main.storyboard;
			sourceTree = "<group>";
		};
		BAD8BBC225CFC09B00CB05D9 /* LaunchScreen.storyboard */ = {
			isa = PBXVariantGroup;
			children = (
				BAD8BBC325CFC09B00CB05D9 /* Base */,
			);
			name = LaunchScreen.storyboard;
			sourceTree = "<group>";
		};
/* End PBXVariantGroup section */

/* Begin XCBuildConfiguration section */
		BAD8BBDC25CFC09B00CB05D9 /* Debug */ = {
			isa = XCBuildConfiguration;
			buildSettings = {
				ALWAYS_SEARCH_USER_PATHS = NO;
				CLANG_ANALYZER_NONNULL = YES;
				CLANG_ANALYZER_NUMBER_OBJECT_CONVERSION = YES_AGGRESSIVE;
				CLANG_CXX_LANGUAGE_STANDARD = "gnu++14";
				CLANG_CXX_LIBRARY = "libc++";
				CLANG_ENABLE_MODULES = YES;
				CLANG_ENABLE_OBJC_ARC = YES;
				CLANG_ENABLE_OBJC_WEAK = YES;
				CLANG_WARN_BLOCK_CAPTURE_AUTORELEASING = YES;
				CLANG_WARN_BOOL_CONVERSION = YES;
				CLANG_WARN_COMMA = YES;
				CLANG_WARN_CONSTANT_CONVERSION = YES;
				CLANG_WARN_DEPRECATED_OBJC_IMPLEMENTATIONS = YES;
				CLANG_WARN_DIRECT_OBJC_ISA_USAGE = YES_ERROR;
				CLANG_WARN_DOCUMENTATION_COMMENTS = YES;
				CLANG_WARN_EMPTY_BODY = YES;
				CLANG_WARN_ENUM_CONVERSION = YES;
				CLANG_WARN_INFINITE_RECURSION = YES;
				CLANG_WARN_INT_CONVERSION = YES;
				CLANG_WARN_NON_LITERAL_NULL_CONVERSION = YES;
				CLANG_WARN_OBJC_IMPLICIT_RETAIN_SELF = YES;
				CLANG_WARN_OBJC_LITERAL_CONVERSION = YES;
				CLANG_WARN_OBJC_ROOT_CLASS = YES_ERROR;
				CLANG_WARN_QUOTED_INCLUDE_IN_FRAMEWORK_HEADER = YES;
				CLANG_WARN_RANGE_LOOP_ANALYSIS = YES;
				CLANG_WARN_STRICT_PROTOTYPES = YES;
				CLANG_WARN_SUSPICIOUS_MOVE = YES;
				CLANG_WARN_UNGUARDED_AVAILABILITY = YES_AGGRESSIVE;
				CLANG_WARN_UNREACHABLE_CODE = YES;
				CLANG_WARN__DUPLICATE_METHOD_MATCH = YES;
				COPY_PHASE_STRIP = NO;
				DEBUG_INFORMATION_FORMAT = dwarf;
				ENABLE_STRICT_OBJC_MSGSEND = YES;
				ENABLE_TESTABILITY = YES;
				GCC_C_LANGUAGE_STANDARD = gnu11;
				GCC_DYNAMIC_NO_PIC = NO;
				GCC_NO_COMMON_BLOCKS = YES;
				GCC_OPTIMIZATION_LEVEL = 0;
				GCC_PREPROCESSOR_DEFINITIONS = (
					"DEBUG=1",
					"$(inherited)",
				);
				GCC_WARN_64_TO_32_BIT_CONVERSION = YES;
				GCC_WARN_ABOUT_RETURN_TYPE = YES_ERROR;
				GCC_WARN_UNDECLARED_SELECTOR = YES;
				GCC_WARN_UNINITIALIZED_AUTOS = YES_AGGRESSIVE;
				GCC_WARN_UNUSED_FUNCTION = YES;
				GCC_WARN_UNUSED_VARIABLE = YES;
				IPHONEOS_DEPLOYMENT_TARGET = 14.3;
				MTL_ENABLE_DEBUG_INFO = INCLUDE_SOURCE;
				MTL_FAST_MATH = YES;
				ONLY_ACTIVE_ARCH = YES;
				SDKROOT = iphoneos;
				SWIFT_ACTIVE_COMPILATION_CONDITIONS = DEBUG;
				SWIFT_OPTIMIZATION_LEVEL = "-Onone";
			};
			name = Debug;
		};
		BAD8BBDD25CFC09B00CB05D9 /* Release */ = {
			isa = XCBuildConfiguration;
			buildSettings = {
				ALWAYS_SEARCH_USER_PATHS = NO;
				CLANG_ANALYZER_NONNULL = YES;
				CLANG_ANALYZER_NUMBER_OBJECT_CONVERSION = YES_AGGRESSIVE;
				CLANG_CXX_LANGUAGE_STANDARD = "gnu++14";
				CLANG_CXX_LIBRARY = "libc++";
				CLANG_ENABLE_MODULES = YES;
				CLANG_ENABLE_OBJC_ARC = YES;
				CLANG_ENABLE_OBJC_WEAK = YES;
				CLANG_WARN_BLOCK_CAPTURE_AUTORELEASING = YES;
				CLANG_WARN_BOOL_CONVERSION = YES;
				CLANG_WARN_COMMA = YES;
				CLANG_WARN_CONSTANT_CONVERSION = YES;
				CLANG_WARN_DEPRECATED_OBJC_IMPLEMENTATIONS = YES;
				CLANG_WARN_DIRECT_OBJC_ISA_USAGE = YES_ERROR;
				CLANG_WARN_DOCUMENTATION_COMMENTS = YES;
				CLANG_WARN_EMPTY_BODY = YES;
				CLANG_WARN_ENUM_CONVERSION = YES;
				CLANG_WARN_INFINITE_RECURSION = YES;
				CLANG_WARN_INT_CONVERSION = YES;
				CLANG_WARN_NON_LITERAL_NULL_CONVERSION = YES;
				CLANG_WARN_OBJC_IMPLICIT_RETAIN_SELF = YES;
				CLANG_WARN_OBJC_LITERAL_CONVERSION = YES;
				CLANG_WARN_OBJC_ROOT_CLASS = YES_ERROR;
				CLANG_WARN_QUOTED_INCLUDE_IN_FRAMEWORK_HEADER = YES;
				CLANG_WARN_RANGE_LOOP_ANALYSIS = YES;
				CLANG_WARN_STRICT_PROTOTYPES = YES;
				CLANG_WARN_SUSPICIOUS_MOVE = YES;
				CLANG_WARN_UNGUARDED_AVAILABILITY = YES_AGGRESSIVE;
				CLANG_WARN_UNREACHABLE_CODE = YES;
				CLANG_WARN__DUPLICATE_METHOD_MATCH = YES;
				COPY_PHASE_STRIP = NO;
				DEBUG_INFORMATION_FORMAT = "dwarf-with-dsym";
				ENABLE_NS_ASSERTIONS = NO;
				ENABLE_STRICT_OBJC_MSGSEND = YES;
				GCC_C_LANGUAGE_STANDARD = gnu11;
				GCC_NO_COMMON_BLOCKS = YES;
				GCC_WARN_64_TO_32_BIT_CONVERSION = YES;
				GCC_WARN_ABOUT_RETURN_TYPE = YES_ERROR;
				GCC_WARN_UNDECLARED_SELECTOR = YES;
				GCC_WARN_UNINITIALIZED_AUTOS = YES_AGGRESSIVE;
				GCC_WARN_UNUSED_FUNCTION = YES;
				GCC_WARN_UNUSED_VARIABLE = YES;
				IPHONEOS_DEPLOYMENT_TARGET = 14.3;
				MTL_ENABLE_DEBUG_INFO = NO;
				MTL_FAST_MATH = YES;
				SDKROOT = iphoneos;
				SWIFT_COMPILATION_MODE = wholemodule;
				SWIFT_OPTIMIZATION_LEVEL = "-O";
				VALIDATE_PRODUCT = YES;
			};
			name = Release;
		};
		BAD8BBDF25CFC09B00CB05D9 /* Debug */ = {
			isa = XCBuildConfiguration;
			baseConfigurationReference = 981D86546EBD2BA1092908B0 /* Pods-flixster.debug.xcconfig */;
			buildSettings = {
				ASSETCATALOG_COMPILER_APPICON_NAME = AppIcon;
				ASSETCATALOG_COMPILER_GLOBAL_ACCENT_COLOR_NAME = AccentColor;
				CODE_SIGN_STYLE = Automatic;
				INFOPLIST_FILE = flixster/Info.plist;
				LD_RUNPATH_SEARCH_PATHS = (
					"$(inherited)",
					"@executable_path/Frameworks",
				);
				PRODUCT_BUNDLE_IDENTIFIER = codepath.org.flixster;
				PRODUCT_NAME = "$(TARGET_NAME)";
				SWIFT_VERSION = 5.0;
				TARGETED_DEVICE_FAMILY = "1,2";
			};
			name = Debug;
		};
		BAD8BBE025CFC09B00CB05D9 /* Release */ = {
			isa = XCBuildConfiguration;
			baseConfigurationReference = 399C46ECE14F1389CC22AAE1 /* Pods-flixster.release.xcconfig */;
			buildSettings = {
				ASSETCATALOG_COMPILER_APPICON_NAME = AppIcon;
				ASSETCATALOG_COMPILER_GLOBAL_ACCENT_COLOR_NAME = AccentColor;
				CODE_SIGN_STYLE = Automatic;
				INFOPLIST_FILE = flixster/Info.plist;
				LD_RUNPATH_SEARCH_PATHS = (
					"$(inherited)",
					"@executable_path/Frameworks",
				);
				PRODUCT_BUNDLE_IDENTIFIER = codepath.org.flixster;
				PRODUCT_NAME = "$(TARGET_NAME)";
				SWIFT_VERSION = 5.0;
				TARGETED_DEVICE_FAMILY = "1,2";
			};
			name = Release;
		};
		BAD8BBE225CFC09B00CB05D9 /* Debug */ = {
			isa = XCBuildConfiguration;
			baseConfigurationReference = D030BB0358A49A68F398B59D /* Pods-flixsterTests.debug.xcconfig */;
			buildSettings = {
				ALWAYS_EMBED_SWIFT_STANDARD_LIBRARIES = YES;
				BUNDLE_LOADER = "$(TEST_HOST)";
				CODE_SIGN_STYLE = Automatic;
				INFOPLIST_FILE = flixsterTests/Info.plist;
				IPHONEOS_DEPLOYMENT_TARGET = 14.3;
				LD_RUNPATH_SEARCH_PATHS = (
					"$(inherited)",
					"@executable_path/Frameworks",
					"@loader_path/Frameworks",
				);
				PRODUCT_BUNDLE_IDENTIFIER = codepath.org.flixsterTests;
				PRODUCT_NAME = "$(TARGET_NAME)";
				SWIFT_VERSION = 5.0;
				TARGETED_DEVICE_FAMILY = "1,2";
				TEST_HOST = "$(BUILT_PRODUCTS_DIR)/flixster.app/flixster";
			};
			name = Debug;
		};
		BAD8BBE325CFC09B00CB05D9 /* Release */ = {
			isa = XCBuildConfiguration;
			baseConfigurationReference = 4FE4E26856D3763EC28E2AD9 /* Pods-flixsterTests.release.xcconfig */;
			buildSettings = {
				ALWAYS_EMBED_SWIFT_STANDARD_LIBRARIES = YES;
				BUNDLE_LOADER = "$(TEST_HOST)";
				CODE_SIGN_STYLE = Automatic;
				INFOPLIST_FILE = flixsterTests/Info.plist;
				IPHONEOS_DEPLOYMENT_TARGET = 14.3;
				LD_RUNPATH_SEARCH_PATHS = (
					"$(inherited)",
					"@executable_path/Frameworks",
					"@loader_path/Frameworks",
				);
				PRODUCT_BUNDLE_IDENTIFIER = codepath.org.flixsterTests;
				PRODUCT_NAME = "$(TARGET_NAME)";
				SWIFT_VERSION = 5.0;
				TARGETED_DEVICE_FAMILY = "1,2";
				TEST_HOST = "$(BUILT_PRODUCTS_DIR)/flixster.app/flixster";
			};
			name = Release;
		};
		BAD8BBE525CFC09B00CB05D9 /* Debug */ = {
			isa = XCBuildConfiguration;
			baseConfigurationReference = D294EDABD74AE2AF788431BA /* Pods-flixster-flixsterUITests.debug.xcconfig */;
			buildSettings = {
				ALWAYS_EMBED_SWIFT_STANDARD_LIBRARIES = YES;
				CODE_SIGN_STYLE = Automatic;
				INFOPLIST_FILE = flixsterUITests/Info.plist;
				LD_RUNPATH_SEARCH_PATHS = (
					"$(inherited)",
					"@executable_path/Frameworks",
					"@loader_path/Frameworks",
				);
				PRODUCT_BUNDLE_IDENTIFIER = codepath.org.flixsterUITests;
				PRODUCT_NAME = "$(TARGET_NAME)";
				SWIFT_VERSION = 5.0;
				TARGETED_DEVICE_FAMILY = "1,2";
				TEST_TARGET_NAME = flixster;
			};
			name = Debug;
		};
		BAD8BBE625CFC09B00CB05D9 /* Release */ = {
			isa = XCBuildConfiguration;
			baseConfigurationReference = 1EE0C4F436ECA6CD3D342793 /* Pods-flixster-flixsterUITests.release.xcconfig */;
			buildSettings = {
				ALWAYS_EMBED_SWIFT_STANDARD_LIBRARIES = YES;
				CODE_SIGN_STYLE = Automatic;
				INFOPLIST_FILE = flixsterUITests/Info.plist;
				LD_RUNPATH_SEARCH_PATHS = (
					"$(inherited)",
					"@executable_path/Frameworks",
					"@loader_path/Frameworks",
				);
				PRODUCT_BUNDLE_IDENTIFIER = codepath.org.flixsterUITests;
				PRODUCT_NAME = "$(TARGET_NAME)";
				SWIFT_VERSION = 5.0;
				TARGETED_DEVICE_FAMILY = "1,2";
				TEST_TARGET_NAME = flixster;
			};
			name = Release;
		};
/* End XCBuildConfiguration section */

/* Begin XCConfigurationList section */
		BAD8BBAF25CFC09A00CB05D9 /* Build configuration list for PBXProject "flixster" */ = {
			isa = XCConfigurationList;
			buildConfigurations = (
				BAD8BBDC25CFC09B00CB05D9 /* Debug */,
				BAD8BBDD25CFC09B00CB05D9 /* Release */,
			);
			defaultConfigurationIsVisible = 0;
			defaultConfigurationName = Release;
		};
		BAD8BBDE25CFC09B00CB05D9 /* Build configuration list for PBXNativeTarget "flixster" */ = {
			isa = XCConfigurationList;
			buildConfigurations = (
				BAD8BBDF25CFC09B00CB05D9 /* Debug */,
				BAD8BBE025CFC09B00CB05D9 /* Release */,
			);
			defaultConfigurationIsVisible = 0;
			defaultConfigurationName = Release;
		};
		BAD8BBE125CFC09B00CB05D9 /* Build configuration list for PBXNativeTarget "flixsterTests" */ = {
			isa = XCConfigurationList;
			buildConfigurations = (
				BAD8BBE225CFC09B00CB05D9 /* Debug */,
				BAD8BBE325CFC09B00CB05D9 /* Release */,
			);
			defaultConfigurationIsVisible = 0;
			defaultConfigurationName = Release;
		};
		BAD8BBE425CFC09B00CB05D9 /* Build configuration list for PBXNativeTarget "flixsterUITests" */ = {
			isa = XCConfigurationList;
			buildConfigurations = (
				BAD8BBE525CFC09B00CB05D9 /* Debug */,
				BAD8BBE625CFC09B00CB05D9 /* Release */,
			);
			defaultConfigurationIsVisible = 0;
			defaultConfigurationName = Release;
		};
/* End XCConfigurationList section */
	};
	rootObject = BAD8BBAC25CFC09A00CB05D9 /* Project object */;
}
